
Microsoft Visual Studio Solution File, Format Version 12.00
# Visual Studio Version 16
VisualStudioVersion = 16.0.30204.135
MinimumVisualStudioVersion = 10.0.40219.1
Project("{FAE04EC0-301F-11D3-BF4B-00C04F79EFBC}") = "ArastirmaProjesi", "ArastirmaProjesi.csproj", "{501896B7-0780-4629-A22F-D8EF5324BB00}"
EndProject
Global
	GlobalSection(SolutionConfigurationPlatforms) = preSolution
		Debug|Any CPU = Debug|Any CPU
		Release|Any CPU = Release|Any CPU
	EndGlobalSection
	GlobalSection(ProjectConfigurationPlatforms) = postSolution
		{501896B7-0780-4629-A22F-D8EF5324BB00}.Debug|Any CPU.ActiveCfg = Debug|Any CPU
		{501896B7-0780-4629-A22F-D8EF5324BB00}.Debug|Any CPU.Build.0 = Debug|Any CPU
		{501896B7-0780-4629-A22F-D8EF5324BB00}.Release|Any CPU.ActiveCfg = Release|Any CPU
		{501896B7-0780-4629-A22F-D8EF5324BB00}.Release|Any CPU.Build.0 = Release|Any CPU
	EndGlobalSection
	GlobalSection(SolutionProperties) = preSolution
		HideSolutionNode = FALSE
	EndGlobalSection
	GlobalSection(ExtensibilityGlobals) = postSolution
		SolutionGuid = {554DB552-BDE4-4965-95E8-49CD1911D62E}
	EndGlobalSection
EndGlobal
